
Microsoft Visual Studio Solution File, Format Version 12.00
# Visual Studio 15
VisualStudioVersion = 15.0.28307.106
MinimumVisualStudioVersion = 10.0.40219.1
Project("{FAE04EC0-301F-11D3-BF4B-00C04F79EFBC}") = "BlazorApp1", "BlazorApp1\BlazorApp1.csproj", "{B2D83FA0-D66D-4FA8-BB9C-3F1F19D73674}"
EndProject
Global
	GlobalSection(SolutionConfigurationPlatforms) = preSolution
		Debug|Any CPU = Debug|Any CPU
		Release|Any CPU = Release|Any CPU
	EndGlobalSection
	GlobalSection(ProjectConfigurationPlatforms) = postSolution
		{B2D83FA0-D66D-4FA8-BB9C-3F1F19D73674}.Debug|Any CPU.ActiveCfg = Debug|Any CPU
		{B2D83FA0-D66D-4FA8-BB9C-3F1F19D73674}.Debug|Any CPU.Build.0 = Debug|Any CPU
		{B2D83FA0-D66D-4FA8-BB9C-3F1F19D73674}.Release|Any CPU.ActiveCfg = Release|Any CPU
		{B2D83FA0-D66D-4FA8-BB9C-3F1F19D73674}.Release|Any CPU.Build.0 = Release|Any CPU
	EndGlobalSection
	GlobalSection(SolutionProperties) = preSolution
		HideSolutionNode = FALSE
	EndGlobalSection
	GlobalSection(ExtensibilityGlobals) = postSolution
		SolutionGuid = {8B24104D-C8F0-437A-9978-BB0112764CF9}
	EndGlobalSection
EndGlobal
